
Microsoft Visual Studio Solution File, Format Version 12.00
# Visual Studio Version 17
VisualStudioVersion = 17.10.35027.167
MinimumVisualStudioVersion = 10.0.40219.1
Project("{FAE04EC0-301F-11D3-BF4B-00C04F79EFBC}") = "Taller1", "Taller1\Taller1.csproj", "{A44FDD47-DF00-4093-9945-BE4134C6FEF4}"
EndProject
Global
	GlobalSection(SolutionConfigurationPlatforms) = preSolution
		Debug|Any CPU = Debug|Any CPU
		Release|Any CPU = Release|Any CPU
	EndGlobalSection
	GlobalSection(ProjectConfigurationPlatforms) = postSolution
		{A44FDD47-DF00-4093-9945-BE4134C6FEF4}.Debug|Any CPU.ActiveCfg = Debug|Any CPU
		{A44FDD47-DF00-4093-9945-BE4134C6FEF4}.Debug|Any CPU.Build.0 = Debug|Any CPU
		{A44FDD47-DF00-4093-9945-BE4134C6FEF4}.Release|Any CPU.ActiveCfg = Release|Any CPU
		{A44FDD47-DF00-4093-9945-BE4134C6FEF4}.Release|Any CPU.Build.0 = Release|Any CPU
	EndGlobalSection
	GlobalSection(SolutionProperties) = preSolution
		HideSolutionNode = FALSE
	EndGlobalSection
	GlobalSection(ExtensibilityGlobals) = postSolution
		SolutionGuid = {BB53D644-124E-47F0-8368-1EDAEF61913D}
	EndGlobalSection
EndGlobal
